
Microsoft Visual Studio Solution File, Format Version 12.00
# Visual Studio 15
VisualStudioVersion = 15.0.27703.2026
MinimumVisualStudioVersion = 10.0.40219.1
Project("{FAE04EC0-301F-11D3-BF4B-00C04F79EFBC}") = "RestWithASPNETUdemy", "RestWithASPNETUdemy\RestWithASPNETUdemy.csproj", "{13A827B2-D812-4922-8B3D-16EA2A19C43A}"
EndProject
Global
	GlobalSection(SolutionConfigurationPlatforms) = preSolution
		Debug|Any CPU = Debug|Any CPU
		Release|Any CPU = Release|Any CPU
	EndGlobalSection
	GlobalSection(ProjectConfigurationPlatforms) = postSolution
		{13A827B2-D812-4922-8B3D-16EA2A19C43A}.Debug|Any CPU.ActiveCfg = Debug|Any CPU
		{13A827B2-D812-4922-8B3D-16EA2A19C43A}.Debug|Any CPU.Build.0 = Debug|Any CPU
		{13A827B2-D812-4922-8B3D-16EA2A19C43A}.Release|Any CPU.ActiveCfg = Release|Any CPU
		{13A827B2-D812-4922-8B3D-16EA2A19C43A}.Release|Any CPU.Build.0 = Release|Any CPU
	EndGlobalSection
	GlobalSection(SolutionProperties) = preSolution
		HideSolutionNode = FALSE
	EndGlobalSection
	GlobalSection(ExtensibilityGlobals) = postSolution
		SolutionGuid = {8C05E0A6-8203-4EBF-BC8D-2BEDE3FB824D}
	EndGlobalSection
EndGlobal
